
Microsoft Visual Studio Solution File, Format Version 12.00
# Visual Studio 2015
Project("{FAE04EC0-301F-11D3-BF4B-00C04F79EFBC}") = "AR_StudenGuru", "AR_StudenGuru.csproj", "{DD3DE9F4-8712-E070-621A-200B0E6AF14A}"
EndProject
Project("{FAE04EC0-301F-11D3-BF4B-00C04F79EFBC}") = "AR_StudenGuru.Editor", "AR_StudenGuru.Editor.csproj", "{B3E425B7-AE56-F8B9-12B5-F1E2369D9787}"
EndProject
Global
	GlobalSection(SolutionConfigurationPlatforms) = preSolution
		Debug|Any CPU = Debug|Any CPU
		Release|Any CPU = Release|Any CPU
	EndGlobalSection
	GlobalSection(ProjectConfigurationPlatforms) = postSolution
		{DD3DE9F4-8712-E070-621A-200B0E6AF14A}.Debug|Any CPU.ActiveCfg = Debug|Any CPU
		{DD3DE9F4-8712-E070-621A-200B0E6AF14A}.Debug|Any CPU.Build.0 = Debug|Any CPU
		{DD3DE9F4-8712-E070-621A-200B0E6AF14A}.Release|Any CPU.ActiveCfg = Release|Any CPU
		{DD3DE9F4-8712-E070-621A-200B0E6AF14A}.Release|Any CPU.Build.0 = Release|Any CPU
		{B3E425B7-AE56-F8B9-12B5-F1E2369D9787}.Debug|Any CPU.ActiveCfg = Debug|Any CPU
		{B3E425B7-AE56-F8B9-12B5-F1E2369D9787}.Debug|Any CPU.Build.0 = Debug|Any CPU
		{B3E425B7-AE56-F8B9-12B5-F1E2369D9787}.Release|Any CPU.ActiveCfg = Release|Any CPU
		{B3E425B7-AE56-F8B9-12B5-F1E2369D9787}.Release|Any CPU.Build.0 = Release|Any CPU
	EndGlobalSection
	GlobalSection(SolutionProperties) = preSolution
		HideSolutionNode = FALSE
	EndGlobalSection
EndGlobal
